
Microsoft Visual Studio Solution File, Format Version 12.00
# Visual Studio Version 16
VisualStudioVersion = 16.0.808.3
MinimumVisualStudioVersion = 10.0.40219.1
Project("{FAE04EC0-301F-11D3-BF4B-00C04F79EFBC}") = "Lesson-2", "Lesson-2\Lesson-2.csproj", "{EBB2B9E5-29C3-4F48-B6DE-B6ECB62C74B0}"
EndProject
Project("{FAE04EC0-301F-11D3-BF4B-00C04F79EFBC}") = "task_2", "task_2\task_2.csproj", "{86F97EB2-1354-41C5-A9E0-10E1AA546871}"
EndProject
Project("{FAE04EC0-301F-11D3-BF4B-00C04F79EFBC}") = "task-3", "task-3\task-3.csproj", "{3E7456BF-BD52-48E5-8234-0581CFCC9F55}"
EndProject
Global
	GlobalSection(SolutionConfigurationPlatforms) = preSolution
		Debug|anycpu = Debug|anycpu
		Release|anycpu = Release|anycpu
	EndGlobalSection
	GlobalSection(ProjectConfigurationPlatforms) = postSolution
		{EBB2B9E5-29C3-4F48-B6DE-B6ECB62C74B0}.Debug|anycpu.ActiveCfg = Debug|anycpu
		{EBB2B9E5-29C3-4F48-B6DE-B6ECB62C74B0}.Debug|anycpu.Build.0 = Debug|anycpu
		{EBB2B9E5-29C3-4F48-B6DE-B6ECB62C74B0}.Release|anycpu.ActiveCfg = Release|anycpu
		{EBB2B9E5-29C3-4F48-B6DE-B6ECB62C74B0}.Release|anycpu.Build.0 = Release|anycpu
		{86F97EB2-1354-41C5-A9E0-10E1AA546871}.Debug|anycpu.ActiveCfg = Debug|anycpu
		{86F97EB2-1354-41C5-A9E0-10E1AA546871}.Debug|anycpu.Build.0 = Debug|anycpu
		{86F97EB2-1354-41C5-A9E0-10E1AA546871}.Release|anycpu.ActiveCfg = Release|anycpu
		{86F97EB2-1354-41C5-A9E0-10E1AA546871}.Release|anycpu.Build.0 = Release|anycpu
		{3E7456BF-BD52-48E5-8234-0581CFCC9F55}.Debug|anycpu.ActiveCfg = Debug|anycpu
		{3E7456BF-BD52-48E5-8234-0581CFCC9F55}.Debug|anycpu.Build.0 = Debug|anycpu
		{3E7456BF-BD52-48E5-8234-0581CFCC9F55}.Release|anycpu.ActiveCfg = Release|anycpu
		{3E7456BF-BD52-48E5-8234-0581CFCC9F55}.Release|anycpu.Build.0 = Release|anycpu
	EndGlobalSection
	GlobalSection(SolutionProperties) = preSolution
		HideSolutionNode = FALSE
	EndGlobalSection
	GlobalSection(ExtensibilityGlobals) = postSolution
		SolutionGuid = {8660F1A3-3579-4157-BB6B-7B9F1D727EA7}
	EndGlobalSection
EndGlobal
