
Microsoft Visual Studio Solution File, Format Version 12.00
# Visual Studio Version 16
VisualStudioVersion = 16.0.808.3
MinimumVisualStudioVersion = 10.0.40219.1
Project("{FAE04EC0-301F-11D3-BF4B-00C04F79EFBC}") = "Lesson-2", "Lesson-2\Lesson-2.csproj", "{EBB2B9E5-29C3-4F48-B6DE-B6ECB62C74B0}"
EndProject
Project("{FAE04EC0-301F-11D3-BF4B-00C04F79EFBC}") = "task_2", "task_2\task_2.csproj", "{86F97EB2-1354-41C5-A9E0-10E1AA546871}"
EndProject
Project("{FAE04EC0-301F-11D3-BF4B-00C04F79EFBC}") = "task-3", "task-3\task-3.csproj", "{3E7456BF-BD52-48E5-8234-0581CFCC9F55}"
EndProject
Project("{FAE04EC0-301F-11D3-BF4B-00C04F79EFBC}") = "task-4", "task-4\task-4.csproj", "{F1B756FA-26C8-47AC-97B2-8C378B0FC896}"
EndProject
Project("{FAE04EC0-301F-11D3-BF4B-00C04F79EFBC}") = "task-5", "task-5\task-5.csproj", "{D8B9BA40-2974-4320-B96F-CC3BD484592F}"
EndProject
Project("{FAE04EC0-301F-11D3-BF4B-00C04F79EFBC}") = "task-6", "task-6\task-6.csproj", "{86171B4D-AD95-46BD-B9F6-F1E04328ADDE}"
EndProject
Global
	GlobalSection(SolutionConfigurationPlatforms) = preSolution
		Debug|anycpu = Debug|anycpu
		Release|anycpu = Release|anycpu
	EndGlobalSection
	GlobalSection(ProjectConfigurationPlatforms) = postSolution
		{EBB2B9E5-29C3-4F48-B6DE-B6ECB62C74B0}.Debug|anycpu.ActiveCfg = Debug|anycpu
		{EBB2B9E5-29C3-4F48-B6DE-B6ECB62C74B0}.Debug|anycpu.Build.0 = Debug|anycpu
		{EBB2B9E5-29C3-4F48-B6DE-B6ECB62C74B0}.Release|anycpu.ActiveCfg = Release|anycpu
		{EBB2B9E5-29C3-4F48-B6DE-B6ECB62C74B0}.Release|anycpu.Build.0 = Release|anycpu
		{86F97EB2-1354-41C5-A9E0-10E1AA546871}.Debug|anycpu.ActiveCfg = Debug|anycpu
		{86F97EB2-1354-41C5-A9E0-10E1AA546871}.Debug|anycpu.Build.0 = Debug|anycpu
		{86F97EB2-1354-41C5-A9E0-10E1AA546871}.Release|anycpu.ActiveCfg = Release|anycpu
		{86F97EB2-1354-41C5-A9E0-10E1AA546871}.Release|anycpu.Build.0 = Release|anycpu
		{3E7456BF-BD52-48E5-8234-0581CFCC9F55}.Debug|anycpu.ActiveCfg = Debug|anycpu
		{3E7456BF-BD52-48E5-8234-0581CFCC9F55}.Debug|anycpu.Build.0 = Debug|anycpu
		{3E7456BF-BD52-48E5-8234-0581CFCC9F55}.Release|anycpu.ActiveCfg = Release|anycpu
		{3E7456BF-BD52-48E5-8234-0581CFCC9F55}.Release|anycpu.Build.0 = Release|anycpu
		{F1B756FA-26C8-47AC-97B2-8C378B0FC896}.Debug|anycpu.ActiveCfg = Debug|anycpu
		{F1B756FA-26C8-47AC-97B2-8C378B0FC896}.Debug|anycpu.Build.0 = Debug|anycpu
		{F1B756FA-26C8-47AC-97B2-8C378B0FC896}.Release|anycpu.ActiveCfg = Release|anycpu
		{F1B756FA-26C8-47AC-97B2-8C378B0FC896}.Release|anycpu.Build.0 = Release|anycpu
		{D8B9BA40-2974-4320-B96F-CC3BD484592F}.Debug|anycpu.ActiveCfg = Debug|anycpu
		{D8B9BA40-2974-4320-B96F-CC3BD484592F}.Debug|anycpu.Build.0 = Debug|anycpu
		{D8B9BA40-2974-4320-B96F-CC3BD484592F}.Release|anycpu.ActiveCfg = Release|anycpu
		{D8B9BA40-2974-4320-B96F-CC3BD484592F}.Release|anycpu.Build.0 = Release|anycpu
		{86171B4D-AD95-46BD-B9F6-F1E04328ADDE}.Debug|anycpu.ActiveCfg = Debug|anycpu
		{86171B4D-AD95-46BD-B9F6-F1E04328ADDE}.Debug|anycpu.Build.0 = Debug|anycpu
		{86171B4D-AD95-46BD-B9F6-F1E04328ADDE}.Release|anycpu.ActiveCfg = Release|anycpu
		{86171B4D-AD95-46BD-B9F6-F1E04328ADDE}.Release|anycpu.Build.0 = Release|anycpu
	EndGlobalSection
	GlobalSection(SolutionProperties) = preSolution
		HideSolutionNode = FALSE
	EndGlobalSection
	GlobalSection(ExtensibilityGlobals) = postSolution
		SolutionGuid = {8660F1A3-3579-4157-BB6B-7B9F1D727EA7}
	EndGlobalSection
EndGlobal
